{
  "name": "procyon-cli",
  "version": "0.3.4",
  "lockfileVersion": 3,
  "requires": true,
  "packages": {
    "": {
      "name": "procyon-cli",
      "version": "0.3.4",
      "hasInstallScript": true,
      "bin": {
        "procyon-cli": "npm/bin/procyon-cli.js"
      },
      "engines": {
        "node": ">=18"
      }
    }
  }
}
